
Microsoft Visual Studio Solution File, Format Version 12.00
# Visual Studio Version 17
VisualStudioVersion = 17.2.32127.420
MinimumVisualStudioVersion = 10.0.40219.1
Project("{9A19103F-16F7-4668-BE54-9A1E7A4F7556}") = "SayedHa.Blackjack.Console", "SayedHa.Blackjack.Console\SayedHa.Blackjack.Console.csproj", "{F1371977-B0E1-4AE7-8A1B-3B79DB80D57E}"
EndProject
Project("{9A19103F-16F7-4668-BE54-9A1E7A4F7556}") = "SayedHa.Blackjack.Shared", "SayedHa.Blackjack.Shared\SayedHa.Blackjack.Shared.csproj", "{C2F7D3FD-8A06-4CA2-A774-EFE445DB42A9}"
EndProject
Project("{9A19103F-16F7-4668-BE54-9A1E7A4F7556}") = "SayedHa.Blackjack.Tests", "SayedHa.Blackjack.Tests\SayedHa.Blackjack.Tests.csproj", "{9C46C191-FE2C-4543-9EA9-F7F10A1832D1}"
EndProject
Project("{9A19103F-16F7-4668-BE54-9A1E7A4F7556}") = "SayedHa.Blackjack.Cli", "SayedHa.Blackjack.Cli\SayedHa.Blackjack.Cli.csproj", "{327A419F-A4DB-444B-A24B-A426303E3BAF}"
EndProject
Project("{9A19103F-16F7-4668-BE54-9A1E7A4F7556}") = "SayedHa.Roulette.Console", "SayedHa.Roulette.Console\SayedHa.Roulette.Console.csproj", "{23B4C9ED-B653-4A3C-97C0-EABDC0A1F84C}"
EndProject
Project("{9A19103F-16F7-4668-BE54-9A1E7A4F7556}") = "SayedHa.Roulette.Cli", "SayedHa.Roulette.Cli\SayedHa.Roulette.Cli.csproj", "{163F97B0-F72D-4841-ABBC-01D6266D6737}"
EndProject
Project("{2150E333-8FDC-42A3-9474-1A3956D46DE8}") = "blackjack", "blackjack", "{02893848-AD2C-4EF8-A031-57385011DB8E}"
EndProject
Project("{2150E333-8FDC-42A3-9474-1A3956D46DE8}") = "roulette", "roulette", "{55262E96-B75D-446A-AF4E-B824EA27E4B8}"
EndProject
Project("{2150E333-8FDC-42A3-9474-1A3956D46DE8}") = "tests", "tests", "{82E533D6-1C0E-4BD8-BACA-6A822BCF1062}"
EndProject
Global
	GlobalSection(SolutionConfigurationPlatforms) = preSolution
		Debug|Any CPU = Debug|Any CPU
		Release|Any CPU = Release|Any CPU
	EndGlobalSection
	GlobalSection(ProjectConfigurationPlatforms) = postSolution
		{F1371977-B0E1-4AE7-8A1B-3B79DB80D57E}.Debug|Any CPU.ActiveCfg = Debug|Any CPU
		{F1371977-B0E1-4AE7-8A1B-3B79DB80D57E}.Debug|Any CPU.Build.0 = Debug|Any CPU
		{F1371977-B0E1-4AE7-8A1B-3B79DB80D57E}.Release|Any CPU.ActiveCfg = Release|Any CPU
		{F1371977-B0E1-4AE7-8A1B-3B79DB80D57E}.Release|Any CPU.Build.0 = Release|Any CPU
		{C2F7D3FD-8A06-4CA2-A774-EFE445DB42A9}.Debug|Any CPU.ActiveCfg = Debug|Any CPU
		{C2F7D3FD-8A06-4CA2-A774-EFE445DB42A9}.Debug|Any CPU.Build.0 = Debug|Any CPU
		{C2F7D3FD-8A06-4CA2-A774-EFE445DB42A9}.Release|Any CPU.ActiveCfg = Release|Any CPU
		{C2F7D3FD-8A06-4CA2-A774-EFE445DB42A9}.Release|Any CPU.Build.0 = Release|Any CPU
		{9C46C191-FE2C-4543-9EA9-F7F10A1832D1}.Debug|Any CPU.ActiveCfg = Debug|Any CPU
		{9C46C191-FE2C-4543-9EA9-F7F10A1832D1}.Debug|Any CPU.Build.0 = Debug|Any CPU
		{9C46C191-FE2C-4543-9EA9-F7F10A1832D1}.Release|Any CPU.ActiveCfg = Release|Any CPU
		{9C46C191-FE2C-4543-9EA9-F7F10A1832D1}.Release|Any CPU.Build.0 = Release|Any CPU
		{327A419F-A4DB-444B-A24B-A426303E3BAF}.Debug|Any CPU.ActiveCfg = Debug|Any CPU
		{327A419F-A4DB-444B-A24B-A426303E3BAF}.Debug|Any CPU.Build.0 = Debug|Any CPU
		{327A419F-A4DB-444B-A24B-A426303E3BAF}.Release|Any CPU.ActiveCfg = Release|Any CPU
		{327A419F-A4DB-444B-A24B-A426303E3BAF}.Release|Any CPU.Build.0 = Release|Any CPU
		{23B4C9ED-B653-4A3C-97C0-EABDC0A1F84C}.Debug|Any CPU.ActiveCfg = Debug|Any CPU
		{23B4C9ED-B653-4A3C-97C0-EABDC0A1F84C}.Debug|Any CPU.Build.0 = Debug|Any CPU
		{23B4C9ED-B653-4A3C-97C0-EABDC0A1F84C}.Release|Any CPU.ActiveCfg = Release|Any CPU
		{23B4C9ED-B653-4A3C-97C0-EABDC0A1F84C}.Release|Any CPU.Build.0 = Release|Any CPU
		{163F97B0-F72D-4841-ABBC-01D6266D6737}.Debug|Any CPU.ActiveCfg = Debug|Any CPU
		{163F97B0-F72D-4841-ABBC-01D6266D6737}.Debug|Any CPU.Build.0 = Debug|Any CPU
		{163F97B0-F72D-4841-ABBC-01D6266D6737}.Release|Any CPU.ActiveCfg = Release|Any CPU
		{163F97B0-F72D-4841-ABBC-01D6266D6737}.Release|Any CPU.Build.0 = Release|Any CPU
	EndGlobalSection
	GlobalSection(SolutionProperties) = preSolution
		HideSolutionNode = FALSE
	EndGlobalSection
	GlobalSection(NestedProjects) = preSolution
		{F1371977-B0E1-4AE7-8A1B-3B79DB80D57E} = {02893848-AD2C-4EF8-A031-57385011DB8E}
		{9C46C191-FE2C-4543-9EA9-F7F10A1832D1} = {82E533D6-1C0E-4BD8-BACA-6A822BCF1062}
		{327A419F-A4DB-444B-A24B-A426303E3BAF} = {02893848-AD2C-4EF8-A031-57385011DB8E}
		{23B4C9ED-B653-4A3C-97C0-EABDC0A1F84C} = {55262E96-B75D-446A-AF4E-B824EA27E4B8}
		{163F97B0-F72D-4841-ABBC-01D6266D6737} = {55262E96-B75D-446A-AF4E-B824EA27E4B8}
	EndGlobalSection
	GlobalSection(ExtensibilityGlobals) = postSolution
		SolutionGuid = {ADAB77FA-E57F-4AC5-943F-88466FA143FB}
	EndGlobalSection
EndGlobal
