
Microsoft Visual Studio Solution File, Format Version 12.00
# Visual Studio Version 17
VisualStudioVersion = 17.2.32127.420
MinimumVisualStudioVersion = 10.0.40219.1
Project("{FAE04EC0-301F-11D3-BF4B-00C04F79EFBC}") = "SayedHa.Blackjack.Console", "SayedHa.Blackjack.Console\SayedHa.Blackjack.Console.csproj", "{F1371977-B0E1-4AE7-8A1B-3B79DB80D57E}"
EndProject
Project("{FAE04EC0-301F-11D3-BF4B-00C04F79EFBC}") = "SayedHa.Blackjack.Shared", "SayedHa.Blackjack.Shared\SayedHa.Blackjack.Shared.csproj", "{C2F7D3FD-8A06-4CA2-A774-EFE445DB42A9}"
EndProject
Project("{FAE04EC0-301F-11D3-BF4B-00C04F79EFBC}") = "SayedHa.Blackjack.Tests", "SayedHa.Blackjack.Tests\SayedHa.Blackjack.Tests.csproj", "{9C46C191-FE2C-4543-9EA9-F7F10A1832D1}"
EndProject
Global
	GlobalSection(SolutionConfigurationPlatforms) = preSolution
		Debug|Any CPU = Debug|Any CPU
		Release|Any CPU = Release|Any CPU
	EndGlobalSection
	GlobalSection(ProjectConfigurationPlatforms) = postSolution
		{F1371977-B0E1-4AE7-8A1B-3B79DB80D57E}.Debug|Any CPU.ActiveCfg = Debug|Any CPU
		{F1371977-B0E1-4AE7-8A1B-3B79DB80D57E}.Debug|Any CPU.Build.0 = Debug|Any CPU
		{F1371977-B0E1-4AE7-8A1B-3B79DB80D57E}.Release|Any CPU.ActiveCfg = Release|Any CPU
		{F1371977-B0E1-4AE7-8A1B-3B79DB80D57E}.Release|Any CPU.Build.0 = Release|Any CPU
		{C2F7D3FD-8A06-4CA2-A774-EFE445DB42A9}.Debug|Any CPU.ActiveCfg = Debug|Any CPU
		{C2F7D3FD-8A06-4CA2-A774-EFE445DB42A9}.Debug|Any CPU.Build.0 = Debug|Any CPU
		{C2F7D3FD-8A06-4CA2-A774-EFE445DB42A9}.Release|Any CPU.ActiveCfg = Release|Any CPU
		{C2F7D3FD-8A06-4CA2-A774-EFE445DB42A9}.Release|Any CPU.Build.0 = Release|Any CPU
		{9C46C191-FE2C-4543-9EA9-F7F10A1832D1}.Debug|Any CPU.ActiveCfg = Debug|Any CPU
		{9C46C191-FE2C-4543-9EA9-F7F10A1832D1}.Debug|Any CPU.Build.0 = Debug|Any CPU
		{9C46C191-FE2C-4543-9EA9-F7F10A1832D1}.Release|Any CPU.ActiveCfg = Release|Any CPU
		{9C46C191-FE2C-4543-9EA9-F7F10A1832D1}.Release|Any CPU.Build.0 = Release|Any CPU
	EndGlobalSection
	GlobalSection(SolutionProperties) = preSolution
		HideSolutionNode = FALSE
	EndGlobalSection
	GlobalSection(ExtensibilityGlobals) = postSolution
		SolutionGuid = {ADAB77FA-E57F-4AC5-943F-88466FA143FB}
	EndGlobalSection
EndGlobal
